
Microsoft Visual Studio Solution File, Format Version 12.00
# Visual Studio 2012
Project("{2150E333-8FDC-42A3-9474-1A3956D46DE8}") = "CPP", "CPP", "{CB018D45-E549-4A97-8058-AA03C336564B}"
EndProject
Project("{2150E333-8FDC-42A3-9474-1A3956D46DE8}") = "CSharp", "CSharp", "{69FCC842-EC58-4F2D-B472-45ED0241652E}"
EndProject
Project("{2150E333-8FDC-42A3-9474-1A3956D46DE8}") = "Static Library", "Static Library", "{19932703-FC10-4973-B7F8-CC3BB248CE9D}"
EndProject
Project("{2150E333-8FDC-42A3-9474-1A3956D46DE8}") = "CLI DLL", "CLI DLL", "{C2BBC6ED-4CAD-4478-AD91-55889B509AAD}"
EndProject
Project("{8BC9CEB8-8B4A-11D0-8D11-00A0C91BC942}") = "libwebp", "Workspace\CPP\CLI DLL\libwebp\libwebp.vcxproj", "{F70B93FE-2549-428B-9264-516A4BDB383E}"
EndProject
Project("{FAE04EC0-301F-11D3-BF4B-00C04F79EFBC}") = "Ugoira Assembler", "Workspace\CSharp\DLL\Ugoira Assembler\Ugoira Assembler.csproj", "{4B42B7B3-04C1-4508-8E4F-916B4EF6D429}"
EndProject
Project("{2150E333-8FDC-42A3-9474-1A3956D46DE8}") = "DLL", "DLL", "{5ACF7668-2D31-405C-93F3-C51A9299B712}"
EndProject
Project("{2150E333-8FDC-42A3-9474-1A3956D46DE8}") = "Application", "Application", "{FED7F3E8-838E-4696-B2D1-07904E6B5476}"
EndProject
Project("{2150E333-8FDC-42A3-9474-1A3956D46DE8}") = "Debug", "Debug", "{DC1EA925-A4CD-44F2-944E-335EE64BFEB8}"
EndProject
Project("{FAE04EC0-301F-11D3-BF4B-00C04F79EFBC}") = "Log Analyzer", "Workspace\CSharp\Application\Debug\Log Analyzer\Log Analyzer.csproj", "{C83ED2A6-50CA-42EE-A210-B0BBDE5BAE12}"
EndProject
Project("{FAE04EC0-301F-11D3-BF4B-00C04F79EFBC}") = "Ugoira Downloader", "Workspace\CSharp\DLL\Ugoira Downloader\Ugoira Downloader.csproj", "{D086239B-E268-4D81-9513-F431E1FDA861}"
EndProject
Project("{FAE04EC0-301F-11D3-BF4B-00C04F79EFBC}") = "Ugoira to WebP Convertor Console", "Workspace\CSharp\Application\Ugoira to WebP Convertor Console\Ugoira to WebP Convertor Console.csproj", "{79E226E1-55A5-44B1-8FE0-081737887D69}"
EndProject
Project("{8BC9CEB8-8B4A-11D0-8D11-00A0C91BC942}") = "libwebp", "Workspace\CPP\Static Library\libwebp\libwebp.vcxproj", "{301B66A0-ABA2-47FF-BC9E-BD2DA16D6A83}"
EndProject
Project("{8BC9CEB8-8B4A-11D0-8D11-00A0C91BC942}") = "Standard Stream Redirector", "Workspace\CPP\CLI DLL\Standard Stream Redirector\Standard Stream Redirector.vcxproj", "{889C4FF1-FCC3-4445-A1FF-C0DF280D2027}"
EndProject
Project("{FAE04EC0-301F-11D3-BF4B-00C04F79EFBC}") = "Ugoira to WebP Convertor", "Workspace\CSharp\Application\Ugoira to WebP Convertor\Ugoira to WebP Convertor.csproj", "{F8843276-96E3-4FEA-A75C-933D457FF8E5}"
EndProject
Global
	GlobalSection(SolutionConfigurationPlatforms) = preSolution
		Debug|Any CPU = Debug|Any CPU
		Debug|ARM = Debug|ARM
		Debug|Mixed Platforms = Debug|Mixed Platforms
		Debug|Win32 = Debug|Win32
		Debug|x64 = Debug|x64
		Debug|x86 = Debug|x86
		Release|Any CPU = Release|Any CPU
		Release|ARM = Release|ARM
		Release|Mixed Platforms = Release|Mixed Platforms
		Release|Win32 = Release|Win32
		Release|x64 = Release|x64
		Release|x86 = Release|x86
	EndGlobalSection
	GlobalSection(ProjectConfigurationPlatforms) = postSolution
		{F70B93FE-2549-428B-9264-516A4BDB383E}.Debug|Any CPU.ActiveCfg = Debug|Win32
		{F70B93FE-2549-428B-9264-516A4BDB383E}.Debug|ARM.ActiveCfg = Debug|Win32
		{F70B93FE-2549-428B-9264-516A4BDB383E}.Debug|Mixed Platforms.ActiveCfg = Debug|Win32
		{F70B93FE-2549-428B-9264-516A4BDB383E}.Debug|Mixed Platforms.Build.0 = Debug|Win32
		{F70B93FE-2549-428B-9264-516A4BDB383E}.Debug|Win32.ActiveCfg = Debug|Win32
		{F70B93FE-2549-428B-9264-516A4BDB383E}.Debug|Win32.Build.0 = Debug|Win32
		{F70B93FE-2549-428B-9264-516A4BDB383E}.Debug|x64.ActiveCfg = Debug|Win32
		{F70B93FE-2549-428B-9264-516A4BDB383E}.Debug|x86.ActiveCfg = Debug|Win32
		{F70B93FE-2549-428B-9264-516A4BDB383E}.Debug|x86.Build.0 = Debug|Win32
		{F70B93FE-2549-428B-9264-516A4BDB383E}.Release|Any CPU.ActiveCfg = Release|Win32
		{F70B93FE-2549-428B-9264-516A4BDB383E}.Release|ARM.ActiveCfg = Release|Win32
		{F70B93FE-2549-428B-9264-516A4BDB383E}.Release|Mixed Platforms.ActiveCfg = Release|Win32
		{F70B93FE-2549-428B-9264-516A4BDB383E}.Release|Mixed Platforms.Build.0 = Release|Win32
		{F70B93FE-2549-428B-9264-516A4BDB383E}.Release|Win32.ActiveCfg = Release|Win32
		{F70B93FE-2549-428B-9264-516A4BDB383E}.Release|Win32.Build.0 = Release|Win32
		{F70B93FE-2549-428B-9264-516A4BDB383E}.Release|x64.ActiveCfg = Release|Win32
		{F70B93FE-2549-428B-9264-516A4BDB383E}.Release|x86.ActiveCfg = Release|Win32
		{F70B93FE-2549-428B-9264-516A4BDB383E}.Release|x86.Build.0 = Release|Win32
		{4B42B7B3-04C1-4508-8E4F-916B4EF6D429}.Debug|Any CPU.ActiveCfg = Debug|Any CPU
		{4B42B7B3-04C1-4508-8E4F-916B4EF6D429}.Debug|Any CPU.Build.0 = Debug|Any CPU
		{4B42B7B3-04C1-4508-8E4F-916B4EF6D429}.Debug|ARM.ActiveCfg = Debug|Any CPU
		{4B42B7B3-04C1-4508-8E4F-916B4EF6D429}.Debug|Mixed Platforms.ActiveCfg = Debug|Any CPU
		{4B42B7B3-04C1-4508-8E4F-916B4EF6D429}.Debug|Mixed Platforms.Build.0 = Debug|Any CPU
		{4B42B7B3-04C1-4508-8E4F-916B4EF6D429}.Debug|Win32.ActiveCfg = Debug|Any CPU
		{4B42B7B3-04C1-4508-8E4F-916B4EF6D429}.Debug|x64.ActiveCfg = Debug|x64
		{4B42B7B3-04C1-4508-8E4F-916B4EF6D429}.Debug|x64.Build.0 = Debug|x64
		{4B42B7B3-04C1-4508-8E4F-916B4EF6D429}.Debug|x86.ActiveCfg = Debug|x86
		{4B42B7B3-04C1-4508-8E4F-916B4EF6D429}.Debug|x86.Build.0 = Debug|x86
		{4B42B7B3-04C1-4508-8E4F-916B4EF6D429}.Release|Any CPU.ActiveCfg = Release|Any CPU
		{4B42B7B3-04C1-4508-8E4F-916B4EF6D429}.Release|Any CPU.Build.0 = Release|Any CPU
		{4B42B7B3-04C1-4508-8E4F-916B4EF6D429}.Release|ARM.ActiveCfg = Release|Any CPU
		{4B42B7B3-04C1-4508-8E4F-916B4EF6D429}.Release|Mixed Platforms.ActiveCfg = Release|Any CPU
		{4B42B7B3-04C1-4508-8E4F-916B4EF6D429}.Release|Mixed Platforms.Build.0 = Release|Any CPU
		{4B42B7B3-04C1-4508-8E4F-916B4EF6D429}.Release|Win32.ActiveCfg = Release|Any CPU
		{4B42B7B3-04C1-4508-8E4F-916B4EF6D429}.Release|x64.ActiveCfg = Release|x64
		{4B42B7B3-04C1-4508-8E4F-916B4EF6D429}.Release|x64.Build.0 = Release|x64
		{4B42B7B3-04C1-4508-8E4F-916B4EF6D429}.Release|x86.ActiveCfg = Release|x86
		{4B42B7B3-04C1-4508-8E4F-916B4EF6D429}.Release|x86.Build.0 = Release|x86
		{C83ED2A6-50CA-42EE-A210-B0BBDE5BAE12}.Debug|Any CPU.ActiveCfg = Debug|Any CPU
		{C83ED2A6-50CA-42EE-A210-B0BBDE5BAE12}.Debug|Any CPU.Build.0 = Debug|Any CPU
		{C83ED2A6-50CA-42EE-A210-B0BBDE5BAE12}.Debug|ARM.ActiveCfg = Debug|Any CPU
		{C83ED2A6-50CA-42EE-A210-B0BBDE5BAE12}.Debug|Mixed Platforms.ActiveCfg = Debug|Any CPU
		{C83ED2A6-50CA-42EE-A210-B0BBDE5BAE12}.Debug|Mixed Platforms.Build.0 = Debug|Any CPU
		{C83ED2A6-50CA-42EE-A210-B0BBDE5BAE12}.Debug|Win32.ActiveCfg = Debug|Any CPU
		{C83ED2A6-50CA-42EE-A210-B0BBDE5BAE12}.Debug|x64.ActiveCfg = Debug|Any CPU
		{C83ED2A6-50CA-42EE-A210-B0BBDE5BAE12}.Debug|x86.ActiveCfg = Debug|x86
		{C83ED2A6-50CA-42EE-A210-B0BBDE5BAE12}.Debug|x86.Build.0 = Debug|x86
		{C83ED2A6-50CA-42EE-A210-B0BBDE5BAE12}.Release|Any CPU.ActiveCfg = Release|Any CPU
		{C83ED2A6-50CA-42EE-A210-B0BBDE5BAE12}.Release|Any CPU.Build.0 = Release|Any CPU
		{C83ED2A6-50CA-42EE-A210-B0BBDE5BAE12}.Release|ARM.ActiveCfg = Release|Any CPU
		{C83ED2A6-50CA-42EE-A210-B0BBDE5BAE12}.Release|Mixed Platforms.ActiveCfg = Release|Any CPU
		{C83ED2A6-50CA-42EE-A210-B0BBDE5BAE12}.Release|Mixed Platforms.Build.0 = Release|Any CPU
		{C83ED2A6-50CA-42EE-A210-B0BBDE5BAE12}.Release|Win32.ActiveCfg = Release|Any CPU
		{C83ED2A6-50CA-42EE-A210-B0BBDE5BAE12}.Release|x64.ActiveCfg = Release|Any CPU
		{C83ED2A6-50CA-42EE-A210-B0BBDE5BAE12}.Release|x86.ActiveCfg = Release|x86
		{C83ED2A6-50CA-42EE-A210-B0BBDE5BAE12}.Release|x86.Build.0 = Release|x86
		{D086239B-E268-4D81-9513-F431E1FDA861}.Debug|Any CPU.ActiveCfg = Debug|Any CPU
		{D086239B-E268-4D81-9513-F431E1FDA861}.Debug|Any CPU.Build.0 = Debug|Any CPU
		{D086239B-E268-4D81-9513-F431E1FDA861}.Debug|ARM.ActiveCfg = Debug|Any CPU
		{D086239B-E268-4D81-9513-F431E1FDA861}.Debug|Mixed Platforms.ActiveCfg = Debug|Any CPU
		{D086239B-E268-4D81-9513-F431E1FDA861}.Debug|Mixed Platforms.Build.0 = Debug|Any CPU
		{D086239B-E268-4D81-9513-F431E1FDA861}.Debug|Win32.ActiveCfg = Debug|Any CPU
		{D086239B-E268-4D81-9513-F431E1FDA861}.Debug|x64.ActiveCfg = Debug|Any CPU
		{D086239B-E268-4D81-9513-F431E1FDA861}.Debug|x86.ActiveCfg = Debug|x86
		{D086239B-E268-4D81-9513-F431E1FDA861}.Debug|x86.Build.0 = Debug|x86
		{D086239B-E268-4D81-9513-F431E1FDA861}.Release|Any CPU.ActiveCfg = Release|Any CPU
		{D086239B-E268-4D81-9513-F431E1FDA861}.Release|Any CPU.Build.0 = Release|Any CPU
		{D086239B-E268-4D81-9513-F431E1FDA861}.Release|ARM.ActiveCfg = Release|Any CPU
		{D086239B-E268-4D81-9513-F431E1FDA861}.Release|Mixed Platforms.ActiveCfg = Release|Any CPU
		{D086239B-E268-4D81-9513-F431E1FDA861}.Release|Mixed Platforms.Build.0 = Release|Any CPU
		{D086239B-E268-4D81-9513-F431E1FDA861}.Release|Win32.ActiveCfg = Release|Any CPU
		{D086239B-E268-4D81-9513-F431E1FDA861}.Release|x64.ActiveCfg = Release|Any CPU
		{D086239B-E268-4D81-9513-F431E1FDA861}.Release|x86.ActiveCfg = Release|x86
		{D086239B-E268-4D81-9513-F431E1FDA861}.Release|x86.Build.0 = Release|x86
		{79E226E1-55A5-44B1-8FE0-081737887D69}.Debug|Any CPU.ActiveCfg = Debug|Any CPU
		{79E226E1-55A5-44B1-8FE0-081737887D69}.Debug|Any CPU.Build.0 = Debug|Any CPU
		{79E226E1-55A5-44B1-8FE0-081737887D69}.Debug|ARM.ActiveCfg = Debug|Any CPU
		{79E226E1-55A5-44B1-8FE0-081737887D69}.Debug|Mixed Platforms.ActiveCfg = Debug|Any CPU
		{79E226E1-55A5-44B1-8FE0-081737887D69}.Debug|Mixed Platforms.Build.0 = Debug|Any CPU
		{79E226E1-55A5-44B1-8FE0-081737887D69}.Debug|Win32.ActiveCfg = Debug|Any CPU
		{79E226E1-55A5-44B1-8FE0-081737887D69}.Debug|x64.ActiveCfg = Debug|Any CPU
		{79E226E1-55A5-44B1-8FE0-081737887D69}.Debug|x86.ActiveCfg = Debug|x86
		{79E226E1-55A5-44B1-8FE0-081737887D69}.Debug|x86.Build.0 = Debug|x86
		{79E226E1-55A5-44B1-8FE0-081737887D69}.Release|Any CPU.ActiveCfg = Release|Any CPU
		{79E226E1-55A5-44B1-8FE0-081737887D69}.Release|Any CPU.Build.0 = Release|Any CPU
		{79E226E1-55A5-44B1-8FE0-081737887D69}.Release|ARM.ActiveCfg = Release|Any CPU
		{79E226E1-55A5-44B1-8FE0-081737887D69}.Release|Mixed Platforms.ActiveCfg = Release|Any CPU
		{79E226E1-55A5-44B1-8FE0-081737887D69}.Release|Mixed Platforms.Build.0 = Release|Any CPU
		{79E226E1-55A5-44B1-8FE0-081737887D69}.Release|Win32.ActiveCfg = Release|Any CPU
		{79E226E1-55A5-44B1-8FE0-081737887D69}.Release|x64.ActiveCfg = Release|Any CPU
		{79E226E1-55A5-44B1-8FE0-081737887D69}.Release|x86.ActiveCfg = Release|x86
		{79E226E1-55A5-44B1-8FE0-081737887D69}.Release|x86.Build.0 = Release|x86
		{301B66A0-ABA2-47FF-BC9E-BD2DA16D6A83}.Debug|Any CPU.ActiveCfg = Debug|Win32
		{301B66A0-ABA2-47FF-BC9E-BD2DA16D6A83}.Debug|ARM.ActiveCfg = Debug|Win32
		{301B66A0-ABA2-47FF-BC9E-BD2DA16D6A83}.Debug|Mixed Platforms.ActiveCfg = Debug|Win32
		{301B66A0-ABA2-47FF-BC9E-BD2DA16D6A83}.Debug|Mixed Platforms.Build.0 = Debug|Win32
		{301B66A0-ABA2-47FF-BC9E-BD2DA16D6A83}.Debug|Win32.ActiveCfg = Debug|Win32
		{301B66A0-ABA2-47FF-BC9E-BD2DA16D6A83}.Debug|Win32.Build.0 = Debug|Win32
		{301B66A0-ABA2-47FF-BC9E-BD2DA16D6A83}.Debug|x64.ActiveCfg = Debug|Win32
		{301B66A0-ABA2-47FF-BC9E-BD2DA16D6A83}.Debug|x86.ActiveCfg = Debug|Win32
		{301B66A0-ABA2-47FF-BC9E-BD2DA16D6A83}.Debug|x86.Build.0 = Debug|Win32
		{301B66A0-ABA2-47FF-BC9E-BD2DA16D6A83}.Release|Any CPU.ActiveCfg = Release|Win32
		{301B66A0-ABA2-47FF-BC9E-BD2DA16D6A83}.Release|ARM.ActiveCfg = Release|Win32
		{301B66A0-ABA2-47FF-BC9E-BD2DA16D6A83}.Release|Mixed Platforms.ActiveCfg = Release|Win32
		{301B66A0-ABA2-47FF-BC9E-BD2DA16D6A83}.Release|Mixed Platforms.Build.0 = Release|Win32
		{301B66A0-ABA2-47FF-BC9E-BD2DA16D6A83}.Release|Win32.ActiveCfg = Release|Win32
		{301B66A0-ABA2-47FF-BC9E-BD2DA16D6A83}.Release|Win32.Build.0 = Release|Win32
		{301B66A0-ABA2-47FF-BC9E-BD2DA16D6A83}.Release|x64.ActiveCfg = Release|Win32
		{301B66A0-ABA2-47FF-BC9E-BD2DA16D6A83}.Release|x86.ActiveCfg = Release|Win32
		{301B66A0-ABA2-47FF-BC9E-BD2DA16D6A83}.Release|x86.Build.0 = Release|Win32
		{889C4FF1-FCC3-4445-A1FF-C0DF280D2027}.Debug|Any CPU.ActiveCfg = Debug|Win32
		{889C4FF1-FCC3-4445-A1FF-C0DF280D2027}.Debug|ARM.ActiveCfg = Debug|Win32
		{889C4FF1-FCC3-4445-A1FF-C0DF280D2027}.Debug|Mixed Platforms.ActiveCfg = Debug|Win32
		{889C4FF1-FCC3-4445-A1FF-C0DF280D2027}.Debug|Mixed Platforms.Build.0 = Debug|Win32
		{889C4FF1-FCC3-4445-A1FF-C0DF280D2027}.Debug|Win32.ActiveCfg = Debug|Win32
		{889C4FF1-FCC3-4445-A1FF-C0DF280D2027}.Debug|Win32.Build.0 = Debug|Win32
		{889C4FF1-FCC3-4445-A1FF-C0DF280D2027}.Debug|x64.ActiveCfg = Debug|Win32
		{889C4FF1-FCC3-4445-A1FF-C0DF280D2027}.Debug|x86.ActiveCfg = Debug|Win32
		{889C4FF1-FCC3-4445-A1FF-C0DF280D2027}.Debug|x86.Build.0 = Debug|Win32
		{889C4FF1-FCC3-4445-A1FF-C0DF280D2027}.Release|Any CPU.ActiveCfg = Release|Win32
		{889C4FF1-FCC3-4445-A1FF-C0DF280D2027}.Release|ARM.ActiveCfg = Release|Win32
		{889C4FF1-FCC3-4445-A1FF-C0DF280D2027}.Release|Mixed Platforms.ActiveCfg = Release|Win32
		{889C4FF1-FCC3-4445-A1FF-C0DF280D2027}.Release|Mixed Platforms.Build.0 = Release|Win32
		{889C4FF1-FCC3-4445-A1FF-C0DF280D2027}.Release|Win32.ActiveCfg = Release|Win32
		{889C4FF1-FCC3-4445-A1FF-C0DF280D2027}.Release|Win32.Build.0 = Release|Win32
		{889C4FF1-FCC3-4445-A1FF-C0DF280D2027}.Release|x64.ActiveCfg = Release|Win32
		{889C4FF1-FCC3-4445-A1FF-C0DF280D2027}.Release|x86.ActiveCfg = Release|Win32
		{889C4FF1-FCC3-4445-A1FF-C0DF280D2027}.Release|x86.Build.0 = Release|Win32
		{F8843276-96E3-4FEA-A75C-933D457FF8E5}.Debug|Any CPU.ActiveCfg = Debug|Any CPU
		{F8843276-96E3-4FEA-A75C-933D457FF8E5}.Debug|Any CPU.Build.0 = Debug|Any CPU
		{F8843276-96E3-4FEA-A75C-933D457FF8E5}.Debug|ARM.ActiveCfg = Debug|Any CPU
		{F8843276-96E3-4FEA-A75C-933D457FF8E5}.Debug|Mixed Platforms.ActiveCfg = Debug|Any CPU
		{F8843276-96E3-4FEA-A75C-933D457FF8E5}.Debug|Mixed Platforms.Build.0 = Debug|Any CPU
		{F8843276-96E3-4FEA-A75C-933D457FF8E5}.Debug|Win32.ActiveCfg = Debug|Any CPU
		{F8843276-96E3-4FEA-A75C-933D457FF8E5}.Debug|x64.ActiveCfg = Debug|Any CPU
		{F8843276-96E3-4FEA-A75C-933D457FF8E5}.Debug|x86.ActiveCfg = Debug|x86
		{F8843276-96E3-4FEA-A75C-933D457FF8E5}.Debug|x86.Build.0 = Debug|x86
		{F8843276-96E3-4FEA-A75C-933D457FF8E5}.Release|Any CPU.ActiveCfg = Release|Any CPU
		{F8843276-96E3-4FEA-A75C-933D457FF8E5}.Release|Any CPU.Build.0 = Release|Any CPU
		{F8843276-96E3-4FEA-A75C-933D457FF8E5}.Release|ARM.ActiveCfg = Release|Any CPU
		{F8843276-96E3-4FEA-A75C-933D457FF8E5}.Release|Mixed Platforms.ActiveCfg = Release|Any CPU
		{F8843276-96E3-4FEA-A75C-933D457FF8E5}.Release|Mixed Platforms.Build.0 = Release|Any CPU
		{F8843276-96E3-4FEA-A75C-933D457FF8E5}.Release|Win32.ActiveCfg = Release|Any CPU
		{F8843276-96E3-4FEA-A75C-933D457FF8E5}.Release|x64.ActiveCfg = Release|Any CPU
		{F8843276-96E3-4FEA-A75C-933D457FF8E5}.Release|x86.ActiveCfg = Release|x86
		{F8843276-96E3-4FEA-A75C-933D457FF8E5}.Release|x86.Build.0 = Release|x86
	EndGlobalSection
	GlobalSection(SolutionProperties) = preSolution
		HideSolutionNode = FALSE
	EndGlobalSection
	GlobalSection(NestedProjects) = preSolution
		{19932703-FC10-4973-B7F8-CC3BB248CE9D} = {CB018D45-E549-4A97-8058-AA03C336564B}
		{C2BBC6ED-4CAD-4478-AD91-55889B509AAD} = {CB018D45-E549-4A97-8058-AA03C336564B}
		{5ACF7668-2D31-405C-93F3-C51A9299B712} = {69FCC842-EC58-4F2D-B472-45ED0241652E}
		{FED7F3E8-838E-4696-B2D1-07904E6B5476} = {69FCC842-EC58-4F2D-B472-45ED0241652E}
		{301B66A0-ABA2-47FF-BC9E-BD2DA16D6A83} = {19932703-FC10-4973-B7F8-CC3BB248CE9D}
		{F70B93FE-2549-428B-9264-516A4BDB383E} = {C2BBC6ED-4CAD-4478-AD91-55889B509AAD}
		{889C4FF1-FCC3-4445-A1FF-C0DF280D2027} = {C2BBC6ED-4CAD-4478-AD91-55889B509AAD}
		{4B42B7B3-04C1-4508-8E4F-916B4EF6D429} = {5ACF7668-2D31-405C-93F3-C51A9299B712}
		{D086239B-E268-4D81-9513-F431E1FDA861} = {5ACF7668-2D31-405C-93F3-C51A9299B712}
		{DC1EA925-A4CD-44F2-944E-335EE64BFEB8} = {FED7F3E8-838E-4696-B2D1-07904E6B5476}
		{79E226E1-55A5-44B1-8FE0-081737887D69} = {FED7F3E8-838E-4696-B2D1-07904E6B5476}
		{F8843276-96E3-4FEA-A75C-933D457FF8E5} = {FED7F3E8-838E-4696-B2D1-07904E6B5476}
		{C83ED2A6-50CA-42EE-A210-B0BBDE5BAE12} = {DC1EA925-A4CD-44F2-944E-335EE64BFEB8}
	EndGlobalSection
EndGlobal
