<?xml version="1.0" encoding="utf-8"?>
<Project ToolsVersion="4.0" xmlns="http://schemas.microsoft.com/developer/msbuild/2003">
  <ItemGroup>
    <Filter Include="소스 파일">
      <UniqueIdentifier>{4FC737F1-C7A5-4376-A066-2A32D752A2FF}</UniqueIdentifier>
      <Extensions>cpp;c;cc;cxx;def;odl;idl;hpj;bat;asm;asmx</Extensions>
    </Filter>
    <Filter Include="헤더 파일">
      <UniqueIdentifier>{93995380-89BD-4b04-88EB-625FBE52EBFB}</UniqueIdentifier>
      <Extensions>h;hpp;hxx;hm;inl;inc;xsd</Extensions>
    </Filter>
    <Filter Include="리소스 파일">
      <UniqueIdentifier>{67DA6AB6-F800-4c08-8B7A-83BB121AAD01}</UniqueIdentifier>
      <Extensions>rc;ico;cur;bmp;dlg;rc2;rct;bin;rgs;gif;jpg;jpeg;jpe;resx;tiff;tif;png;wav;mfcribbon-ms</Extensions>
    </Filter>
  </ItemGroup>
  <ItemGroup>
    <ClCompile Include="src\anim_diff.c">
      <Filter>소스 파일</Filter>
    </ClCompile>
    <ClCompile Include="src\anim_util.c">
      <Filter>소스 파일</Filter>
    </ClCompile>
    <ClCompile Include="src\cwebp.cpp">
      <Filter>소스 파일</Filter>
    </ClCompile>
    <ClCompile Include="src\dec\alpha_dec.c">
      <Filter>소스 파일</Filter>
    </ClCompile>
    <ClCompile Include="src\dec\buffer.c">
      <Filter>소스 파일</Filter>
    </ClCompile>
    <ClCompile Include="src\dec\frame_dec.c">
      <Filter>소스 파일</Filter>
    </ClCompile>
    <ClCompile Include="src\dec\idec.c">
      <Filter>소스 파일</Filter>
    </ClCompile>
    <ClCompile Include="src\dec\io.c">
      <Filter>소스 파일</Filter>
    </ClCompile>
    <ClCompile Include="src\dec\quant_dec.c">
      <Filter>소스 파일</Filter>
    </ClCompile>
    <ClCompile Include="src\dec\tree_dec.c">
      <Filter>소스 파일</Filter>
    </ClCompile>
    <ClCompile Include="src\dec\vp8.c">
      <Filter>소스 파일</Filter>
    </ClCompile>
    <ClCompile Include="src\dec\vp8l_dec.c">
      <Filter>소스 파일</Filter>
    </ClCompile>
    <ClCompile Include="src\dec\webp.c">
      <Filter>소스 파일</Filter>
    </ClCompile>
    <ClCompile Include="src\demux\anim_decode.c">
      <Filter>소스 파일</Filter>
    </ClCompile>
    <ClCompile Include="src\demux\demux.c">
      <Filter>소스 파일</Filter>
    </ClCompile>
    <ClCompile Include="src\dsp\alpha_processing.c">
      <Filter>소스 파일</Filter>
    </ClCompile>
    <ClCompile Include="src\dsp\alpha_processing_mips_dsp_r2.c">
      <Filter>소스 파일</Filter>
    </ClCompile>
    <ClCompile Include="src\dsp\alpha_processing_sse2.c">
      <Filter>소스 파일</Filter>
    </ClCompile>
    <ClCompile Include="src\dsp\alpha_processing_sse41.c">
      <Filter>소스 파일</Filter>
    </ClCompile>
    <ClCompile Include="src\dsp\argb.c">
      <Filter>소스 파일</Filter>
    </ClCompile>
    <ClCompile Include="src\dsp\argb_mips_dsp_r2.c">
      <Filter>소스 파일</Filter>
    </ClCompile>
    <ClCompile Include="src\dsp\argb_sse2.c">
      <Filter>소스 파일</Filter>
    </ClCompile>
    <ClCompile Include="src\dsp\cost_dec.c">
      <Filter>소스 파일</Filter>
    </ClCompile>
    <ClCompile Include="src\dsp\cost_mips32.c">
      <Filter>소스 파일</Filter>
    </ClCompile>
    <ClCompile Include="src\dsp\cost_mips_dsp_r2.c">
      <Filter>소스 파일</Filter>
    </ClCompile>
    <ClCompile Include="src\dsp\cost_sse2.c">
      <Filter>소스 파일</Filter>
    </ClCompile>
    <ClCompile Include="src\dsp\cpu.c">
      <Filter>소스 파일</Filter>
    </ClCompile>
    <ClCompile Include="src\dsp\dec.c">
      <Filter>소스 파일</Filter>
    </ClCompile>
    <ClCompile Include="src\dsp\dec_clip_tables.c">
      <Filter>소스 파일</Filter>
    </ClCompile>
    <ClCompile Include="src\dsp\dec_mips32.c">
      <Filter>소스 파일</Filter>
    </ClCompile>
    <ClCompile Include="src\dsp\dec_mips_dsp_r2.c">
      <Filter>소스 파일</Filter>
    </ClCompile>
    <ClCompile Include="src\dsp\dec_msa.c">
      <Filter>소스 파일</Filter>
    </ClCompile>
    <ClCompile Include="src\dsp\dec_neon.c">
      <Filter>소스 파일</Filter>
    </ClCompile>
    <ClCompile Include="src\dsp\dec_sse2.c">
      <Filter>소스 파일</Filter>
    </ClCompile>
    <ClCompile Include="src\dsp\dec_sse41.c">
      <Filter>소스 파일</Filter>
    </ClCompile>
    <ClCompile Include="src\dsp\enc.c">
      <Filter>소스 파일</Filter>
    </ClCompile>
    <ClCompile Include="src\dsp\enc_avx2.c">
      <Filter>소스 파일</Filter>
    </ClCompile>
    <ClCompile Include="src\dsp\enc_mips32.c">
      <Filter>소스 파일</Filter>
    </ClCompile>
    <ClCompile Include="src\dsp\enc_mips_dsp_r2.c">
      <Filter>소스 파일</Filter>
    </ClCompile>
    <ClCompile Include="src\dsp\enc_neon.c">
      <Filter>소스 파일</Filter>
    </ClCompile>
    <ClCompile Include="src\dsp\enc_sse2.c">
      <Filter>소스 파일</Filter>
    </ClCompile>
    <ClCompile Include="src\dsp\enc_sse41.c">
      <Filter>소스 파일</Filter>
    </ClCompile>
    <ClCompile Include="src\dsp\filters_dsp.c">
      <Filter>소스 파일</Filter>
    </ClCompile>
    <ClCompile Include="src\dsp\filters_mips_dsp_r2.c">
      <Filter>소스 파일</Filter>
    </ClCompile>
    <ClCompile Include="src\dsp\filters_sse2.c">
      <Filter>소스 파일</Filter>
    </ClCompile>
    <ClCompile Include="src\dsp\lossless.c">
      <Filter>소스 파일</Filter>
    </ClCompile>
    <ClCompile Include="src\dsp\lossless_enc.c">
      <Filter>소스 파일</Filter>
    </ClCompile>
    <ClCompile Include="src\dsp\lossless_enc_mips32.c">
      <Filter>소스 파일</Filter>
    </ClCompile>
    <ClCompile Include="src\dsp\lossless_enc_mips_dsp_r2.c">
      <Filter>소스 파일</Filter>
    </ClCompile>
    <ClCompile Include="src\dsp\lossless_enc_neon.c">
      <Filter>소스 파일</Filter>
    </ClCompile>
    <ClCompile Include="src\dsp\lossless_enc_sse2.c">
      <Filter>소스 파일</Filter>
    </ClCompile>
    <ClCompile Include="src\dsp\lossless_enc_sse41.c">
      <Filter>소스 파일</Filter>
    </ClCompile>
    <ClCompile Include="src\dsp\lossless_mips_dsp_r2.c">
      <Filter>소스 파일</Filter>
    </ClCompile>
    <ClCompile Include="src\dsp\lossless_neon.c">
      <Filter>소스 파일</Filter>
    </ClCompile>
    <ClCompile Include="src\dsp\lossless_sse2.c">
      <Filter>소스 파일</Filter>
    </ClCompile>
    <ClCompile Include="src\dsp\rescaler_dsp.c">
      <Filter>소스 파일</Filter>
    </ClCompile>
    <ClCompile Include="src\dsp\rescaler_mips32.c">
      <Filter>소스 파일</Filter>
    </ClCompile>
    <ClCompile Include="src\dsp\rescaler_mips_dsp_r2.c">
      <Filter>소스 파일</Filter>
    </ClCompile>
    <ClCompile Include="src\dsp\rescaler_neon.c">
      <Filter>소스 파일</Filter>
    </ClCompile>
    <ClCompile Include="src\dsp\rescaler_sse2.c">
      <Filter>소스 파일</Filter>
    </ClCompile>
    <ClCompile Include="src\dsp\upsampling.c">
      <Filter>소스 파일</Filter>
    </ClCompile>
    <ClCompile Include="src\dsp\upsampling_mips_dsp_r2.c">
      <Filter>소스 파일</Filter>
    </ClCompile>
    <ClCompile Include="src\dsp\upsampling_neon.c">
      <Filter>소스 파일</Filter>
    </ClCompile>
    <ClCompile Include="src\dsp\upsampling_sse2.c">
      <Filter>소스 파일</Filter>
    </ClCompile>
    <ClCompile Include="src\dsp\yuv.c">
      <Filter>소스 파일</Filter>
    </ClCompile>
    <ClCompile Include="src\dsp\yuv_mips32.c">
      <Filter>소스 파일</Filter>
    </ClCompile>
    <ClCompile Include="src\dsp\yuv_mips_dsp_r2.c">
      <Filter>소스 파일</Filter>
    </ClCompile>
    <ClCompile Include="src\dsp\yuv_sse2.c">
      <Filter>소스 파일</Filter>
    </ClCompile>
    <ClCompile Include="src\dwebp.c">
      <Filter>소스 파일</Filter>
    </ClCompile>
    <ClCompile Include="src\enc\alpha_enc.c">
      <Filter>소스 파일</Filter>
    </ClCompile>
    <ClCompile Include="src\enc\analysis.c">
      <Filter>소스 파일</Filter>
    </ClCompile>
    <ClCompile Include="src\enc\backward_references.c">
      <Filter>소스 파일</Filter>
    </ClCompile>
    <ClCompile Include="src\enc\config.c">
      <Filter>소스 파일</Filter>
    </ClCompile>
    <ClCompile Include="src\enc\cost_enc.c">
      <Filter>소스 파일</Filter>
    </ClCompile>
    <ClCompile Include="src\enc\delta_palettization.c">
      <Filter>소스 파일</Filter>
    </ClCompile>
    <ClCompile Include="src\enc\filter.c">
      <Filter>소스 파일</Filter>
    </ClCompile>
    <ClCompile Include="src\enc\frame_enc.c">
      <Filter>소스 파일</Filter>
    </ClCompile>
    <ClCompile Include="src\enc\histogram.c">
      <Filter>소스 파일</Filter>
    </ClCompile>
    <ClCompile Include="src\enc\iterator.c">
      <Filter>소스 파일</Filter>
    </ClCompile>
    <ClCompile Include="src\enc\near_lossless.c">
      <Filter>소스 파일</Filter>
    </ClCompile>
    <ClCompile Include="src\enc\picture.c">
      <Filter>소스 파일</Filter>
    </ClCompile>
    <ClCompile Include="src\enc\picture_csp.c">
      <Filter>소스 파일</Filter>
    </ClCompile>
    <ClCompile Include="src\enc\picture_psnr.c">
      <Filter>소스 파일</Filter>
    </ClCompile>
    <ClCompile Include="src\enc\picture_rescale.c">
      <Filter>소스 파일</Filter>
    </ClCompile>
    <ClCompile Include="src\enc\picture_tools.c">
      <Filter>소스 파일</Filter>
    </ClCompile>
    <ClCompile Include="src\enc\quant_enc.c">
      <Filter>소스 파일</Filter>
    </ClCompile>
    <ClCompile Include="src\enc\syntax.c">
      <Filter>소스 파일</Filter>
    </ClCompile>
    <ClCompile Include="src\enc\token.c">
      <Filter>소스 파일</Filter>
    </ClCompile>
    <ClCompile Include="src\enc\tree_enc.c">
      <Filter>소스 파일</Filter>
    </ClCompile>
    <ClCompile Include="src\enc\vp8l_enc.c">
      <Filter>소스 파일</Filter>
    </ClCompile>
    <ClCompile Include="src\enc\webpenc.c">
      <Filter>소스 파일</Filter>
    </ClCompile>
    <ClCompile Include="src\example_util.c">
      <Filter>소스 파일</Filter>
    </ClCompile>
    <ClCompile Include="src\extras\extras.c">
      <Filter>소스 파일</Filter>
    </ClCompile>
    <ClCompile Include="src\gif2webp.c">
      <Filter>소스 파일</Filter>
    </ClCompile>
    <ClCompile Include="src\gifdec.c">
      <Filter>소스 파일</Filter>
    </ClCompile>
    <ClCompile Include="src\image_dec.c">
      <Filter>소스 파일</Filter>
    </ClCompile>
    <ClCompile Include="src\jpegdec.c">
      <Filter>소스 파일</Filter>
    </ClCompile>
    <ClCompile Include="src\metadata.c">
      <Filter>소스 파일</Filter>
    </ClCompile>
    <ClCompile Include="src\mux\anim_encode.c">
      <Filter>소스 파일</Filter>
    </ClCompile>
    <ClCompile Include="src\mux\muxedit.c">
      <Filter>소스 파일</Filter>
    </ClCompile>
    <ClCompile Include="src\mux\muxinternal.c">
      <Filter>소스 파일</Filter>
    </ClCompile>
    <ClCompile Include="src\mux\muxread.c">
      <Filter>소스 파일</Filter>
    </ClCompile>
    <ClCompile Include="src\pngdec.c">
      <Filter>소스 파일</Filter>
    </ClCompile>
    <ClCompile Include="src\tiffdec.c">
      <Filter>소스 파일</Filter>
    </ClCompile>
    <ClCompile Include="src\utils\bit_reader.c">
      <Filter>소스 파일</Filter>
    </ClCompile>
    <ClCompile Include="src\utils\bit_writer.c">
      <Filter>소스 파일</Filter>
    </ClCompile>
    <ClCompile Include="src\utils\color_cache.c">
      <Filter>소스 파일</Filter>
    </ClCompile>
    <ClCompile Include="src\utils\filters_utils.c">
      <Filter>소스 파일</Filter>
    </ClCompile>
    <ClCompile Include="src\utils\huffman.c">
      <Filter>소스 파일</Filter>
    </ClCompile>
    <ClCompile Include="src\utils\huffman_encode.c">
      <Filter>소스 파일</Filter>
    </ClCompile>
    <ClCompile Include="src\utils\quant_levels.c">
      <Filter>소스 파일</Filter>
    </ClCompile>
    <ClCompile Include="src\utils\quant_levels_dec.c">
      <Filter>소스 파일</Filter>
    </ClCompile>
    <ClCompile Include="src\utils\random.c">
      <Filter>소스 파일</Filter>
    </ClCompile>
    <ClCompile Include="src\utils\rescaler_utils.c">
      <Filter>소스 파일</Filter>
    </ClCompile>
    <ClCompile Include="src\utils\thread.c">
      <Filter>소스 파일</Filter>
    </ClCompile>
    <ClCompile Include="src\utils\utils.c">
      <Filter>소스 파일</Filter>
    </ClCompile>
    <ClCompile Include="src\vwebp.c">
      <Filter>소스 파일</Filter>
    </ClCompile>
    <ClCompile Include="src\webpdec.c">
      <Filter>소스 파일</Filter>
    </ClCompile>
    <ClCompile Include="src\webpmux.cpp">
      <Filter>소스 파일</Filter>
    </ClCompile>
    <ClCompile Include="src\wicdec.c">
      <Filter>소스 파일</Filter>
    </ClCompile>
  </ItemGroup>
  <ItemGroup>
    <ClInclude Include="src\anim_util.h">
      <Filter>헤더 파일</Filter>
    </ClInclude>
    <ClInclude Include="src\cwebp.h">
      <Filter>헤더 파일</Filter>
    </ClInclude>
    <ClInclude Include="src\dec\alphai.h">
      <Filter>헤더 파일</Filter>
    </ClInclude>
    <ClInclude Include="src\dec\common.h">
      <Filter>헤더 파일</Filter>
    </ClInclude>
    <ClInclude Include="src\dec\decode_vp8.h">
      <Filter>헤더 파일</Filter>
    </ClInclude>
    <ClInclude Include="src\dec\vp8i.h">
      <Filter>헤더 파일</Filter>
    </ClInclude>
    <ClInclude Include="src\dec\vp8li.h">
      <Filter>헤더 파일</Filter>
    </ClInclude>
    <ClInclude Include="src\dec\webpi.h">
      <Filter>헤더 파일</Filter>
    </ClInclude>
    <ClInclude Include="src\dsp\common_sse2.h">
      <Filter>헤더 파일</Filter>
    </ClInclude>
    <ClInclude Include="src\dsp\dsp.h">
      <Filter>헤더 파일</Filter>
    </ClInclude>
    <ClInclude Include="src\dsp\lossless.h">
      <Filter>헤더 파일</Filter>
    </ClInclude>
    <ClInclude Include="src\dsp\mips_macro.h">
      <Filter>헤더 파일</Filter>
    </ClInclude>
    <ClInclude Include="src\dsp\msa_macro.h">
      <Filter>헤더 파일</Filter>
    </ClInclude>
    <ClInclude Include="src\dsp\neon.h">
      <Filter>헤더 파일</Filter>
    </ClInclude>
    <ClInclude Include="src\dsp\yuv.h">
      <Filter>헤더 파일</Filter>
    </ClInclude>
    <ClInclude Include="src\enc\backward_references.h">
      <Filter>헤더 파일</Filter>
    </ClInclude>
    <ClInclude Include="src\enc\cost.h">
      <Filter>헤더 파일</Filter>
    </ClInclude>
    <ClInclude Include="src\enc\delta_palettization.h">
      <Filter>헤더 파일</Filter>
    </ClInclude>
    <ClInclude Include="src\enc\histogram.h">
      <Filter>헤더 파일</Filter>
    </ClInclude>
    <ClInclude Include="src\enc\vp8enci.h">
      <Filter>헤더 파일</Filter>
    </ClInclude>
    <ClInclude Include="src\enc\vp8li.h">
      <Filter>헤더 파일</Filter>
    </ClInclude>
    <ClInclude Include="src\example_util.h">
      <Filter>헤더 파일</Filter>
    </ClInclude>
    <ClInclude Include="src\gifdec.h">
      <Filter>헤더 파일</Filter>
    </ClInclude>
    <ClInclude Include="src\image_dec.h">
      <Filter>헤더 파일</Filter>
    </ClInclude>
    <ClInclude Include="src\jpegdec.h">
      <Filter>헤더 파일</Filter>
    </ClInclude>
    <ClInclude Include="src\metadata.h">
      <Filter>헤더 파일</Filter>
    </ClInclude>
    <ClInclude Include="src\mux\muxi.h">
      <Filter>헤더 파일</Filter>
    </ClInclude>
    <ClInclude Include="src\pngdec.h">
      <Filter>헤더 파일</Filter>
    </ClInclude>
    <ClInclude Include="src\stopwatch.h">
      <Filter>헤더 파일</Filter>
    </ClInclude>
    <ClInclude Include="src\tiffdec.h">
      <Filter>헤더 파일</Filter>
    </ClInclude>
    <ClInclude Include="src\utils\bit_reader.h">
      <Filter>헤더 파일</Filter>
    </ClInclude>
    <ClInclude Include="src\utils\bit_reader_inl.h">
      <Filter>헤더 파일</Filter>
    </ClInclude>
    <ClInclude Include="src\utils\bit_writer.h">
      <Filter>헤더 파일</Filter>
    </ClInclude>
    <ClInclude Include="src\utils\color_cache.h">
      <Filter>헤더 파일</Filter>
    </ClInclude>
    <ClInclude Include="src\utils\endian_inl.h">
      <Filter>헤더 파일</Filter>
    </ClInclude>
    <ClInclude Include="src\utils\filters.h">
      <Filter>헤더 파일</Filter>
    </ClInclude>
    <ClInclude Include="src\utils\huffman.h">
      <Filter>헤더 파일</Filter>
    </ClInclude>
    <ClInclude Include="src\utils\huffman_encode.h">
      <Filter>헤더 파일</Filter>
    </ClInclude>
    <ClInclude Include="src\utils\quant_levels.h">
      <Filter>헤더 파일</Filter>
    </ClInclude>
    <ClInclude Include="src\utils\quant_levels_dec.h">
      <Filter>헤더 파일</Filter>
    </ClInclude>
    <ClInclude Include="src\utils\random.h">
      <Filter>헤더 파일</Filter>
    </ClInclude>
    <ClInclude Include="src\utils\rescaler.h">
      <Filter>헤더 파일</Filter>
    </ClInclude>
    <ClInclude Include="src\utils\thread.h">
      <Filter>헤더 파일</Filter>
    </ClInclude>
    <ClInclude Include="src\utils\utils.h">
      <Filter>헤더 파일</Filter>
    </ClInclude>
    <ClInclude Include="src\webp\decode.h">
      <Filter>헤더 파일</Filter>
    </ClInclude>
    <ClInclude Include="src\webp\demux.h">
      <Filter>헤더 파일</Filter>
    </ClInclude>
    <ClInclude Include="src\webp\encode.h">
      <Filter>헤더 파일</Filter>
    </ClInclude>
    <ClInclude Include="src\webp\extras.h">
      <Filter>헤더 파일</Filter>
    </ClInclude>
    <ClInclude Include="src\webp\format_constants.h">
      <Filter>헤더 파일</Filter>
    </ClInclude>
    <ClInclude Include="src\webp\mux.h">
      <Filter>헤더 파일</Filter>
    </ClInclude>
    <ClInclude Include="src\webp\mux_types.h">
      <Filter>헤더 파일</Filter>
    </ClInclude>
    <ClInclude Include="src\webp\types.h">
      <Filter>헤더 파일</Filter>
    </ClInclude>
    <ClInclude Include="src\webpdec.h">
      <Filter>헤더 파일</Filter>
    </ClInclude>
    <ClInclude Include="src\webpmux.h">
      <Filter>헤더 파일</Filter>
    </ClInclude>
    <ClInclude Include="src\wicdec.h">
      <Filter>헤더 파일</Filter>
    </ClInclude>
  </ItemGroup>
</Project>